
Microsoft Visual Studio Solution File, Format Version 12.00
# Visual Studio Version 16
VisualStudioVersion = 16.0.30011.22
MinimumVisualStudioVersion = 10.0.40219.1
Project("{9A19103F-16F7-4668-BE54-9A1E7A4F7556}") = "CSharp Exercises And Concepts Part 1", "CSharp Exercises And Concepts Part 1\CSharp Exercises And Concepts Part 1.csproj", "{4C09C43F-5E1D-4AF7-BA46-877C41C0CFAE}"
EndProject
Project("{9A19103F-16F7-4668-BE54-9A1E7A4F7556}") = "Delegates", "Delegates\Delegates.csproj", "{A1E6EA15-488D-4AE7-9C26-47DD5448E97C}"
EndProject
Project("{9A19103F-16F7-4668-BE54-9A1E7A4F7556}") = "WorkingWithNetworkResources", "WorkingWithNetworkResources\WorkingWithNetworkResources.csproj", "{F78404C6-94FE-4B8E-A340-616CC8ADB419}"
EndProject
Project("{FAE04EC0-301F-11D3-BF4B-00C04F79EFBC}") = "XMLSerialization", "XMLSerialization\XMLSerialization.csproj", "{B7D85C9F-7E38-425A-B7B1-C741BD95F5F2}"
EndProject
Global
	GlobalSection(SolutionConfigurationPlatforms) = preSolution
		Debug|Any CPU = Debug|Any CPU
		Release|Any CPU = Release|Any CPU
	EndGlobalSection
	GlobalSection(ProjectConfigurationPlatforms) = postSolution
		{4C09C43F-5E1D-4AF7-BA46-877C41C0CFAE}.Debug|Any CPU.ActiveCfg = Debug|Any CPU
		{4C09C43F-5E1D-4AF7-BA46-877C41C0CFAE}.Debug|Any CPU.Build.0 = Debug|Any CPU
		{4C09C43F-5E1D-4AF7-BA46-877C41C0CFAE}.Release|Any CPU.ActiveCfg = Release|Any CPU
		{4C09C43F-5E1D-4AF7-BA46-877C41C0CFAE}.Release|Any CPU.Build.0 = Release|Any CPU
		{A1E6EA15-488D-4AE7-9C26-47DD5448E97C}.Debug|Any CPU.ActiveCfg = Debug|Any CPU
		{A1E6EA15-488D-4AE7-9C26-47DD5448E97C}.Debug|Any CPU.Build.0 = Debug|Any CPU
		{A1E6EA15-488D-4AE7-9C26-47DD5448E97C}.Release|Any CPU.ActiveCfg = Release|Any CPU
		{A1E6EA15-488D-4AE7-9C26-47DD5448E97C}.Release|Any CPU.Build.0 = Release|Any CPU
		{F78404C6-94FE-4B8E-A340-616CC8ADB419}.Debug|Any CPU.ActiveCfg = Debug|Any CPU
		{F78404C6-94FE-4B8E-A340-616CC8ADB419}.Debug|Any CPU.Build.0 = Debug|Any CPU
		{F78404C6-94FE-4B8E-A340-616CC8ADB419}.Release|Any CPU.ActiveCfg = Release|Any CPU
		{F78404C6-94FE-4B8E-A340-616CC8ADB419}.Release|Any CPU.Build.0 = Release|Any CPU
		{B7D85C9F-7E38-425A-B7B1-C741BD95F5F2}.Debug|Any CPU.ActiveCfg = Debug|Any CPU
		{B7D85C9F-7E38-425A-B7B1-C741BD95F5F2}.Debug|Any CPU.Build.0 = Debug|Any CPU
		{B7D85C9F-7E38-425A-B7B1-C741BD95F5F2}.Release|Any CPU.ActiveCfg = Release|Any CPU
		{B7D85C9F-7E38-425A-B7B1-C741BD95F5F2}.Release|Any CPU.Build.0 = Release|Any CPU
	EndGlobalSection
	GlobalSection(SolutionProperties) = preSolution
		HideSolutionNode = FALSE
	EndGlobalSection
	GlobalSection(ExtensibilityGlobals) = postSolution
		SolutionGuid = {EF9E431E-8FDE-4A9B-B2D1-D6886817C285}
	EndGlobalSection
EndGlobal
